
Microsoft Visual Studio Solution File, Format Version 12.00
# Visual Studio 14
VisualStudioVersion = 14.0.25420.1
MinimumVisualStudioVersion = 10.0.40219.1
Project("{FAE04EC0-301F-11D3-BF4B-00C04F79EFBC}") = "ProjectWindows", "ProjectWindows\ProjectWindows.csproj", "{44B190E6-0A47-48D6-9545-157F035F087A}"
EndProject
Project("{FAE04EC0-301F-11D3-BF4B-00C04F79EFBC}") = "RESTApi", "WebApplication1\RESTApi.csproj", "{0542813C-7795-4E26-8C8F-DAAE0078197D}"
EndProject
Project("{FAE04EC0-301F-11D3-BF4B-00C04F79EFBC}") = "RESTApi.Tests", "WebApplication1.Tests\RESTApi.Tests.csproj", "{06CBED4A-C02F-4CB0-9335-75AA6327B424}"
EndProject
Global
	GlobalSection(SolutionConfigurationPlatforms) = preSolution
		Debug|Any CPU = Debug|Any CPU
		Debug|ARM = Debug|ARM
		Debug|x64 = Debug|x64
		Debug|x86 = Debug|x86
		Release|Any CPU = Release|Any CPU
		Release|ARM = Release|ARM
		Release|x64 = Release|x64
		Release|x86 = Release|x86
	EndGlobalSection
	GlobalSection(ProjectConfigurationPlatforms) = postSolution
		{44B190E6-0A47-48D6-9545-157F035F087A}.Debug|Any CPU.ActiveCfg = Debug|x86
		{44B190E6-0A47-48D6-9545-157F035F087A}.Debug|ARM.ActiveCfg = Debug|ARM
		{44B190E6-0A47-48D6-9545-157F035F087A}.Debug|ARM.Build.0 = Debug|ARM
		{44B190E6-0A47-48D6-9545-157F035F087A}.Debug|ARM.Deploy.0 = Debug|ARM
		{44B190E6-0A47-48D6-9545-157F035F087A}.Debug|x64.ActiveCfg = Debug|x64
		{44B190E6-0A47-48D6-9545-157F035F087A}.Debug|x64.Build.0 = Debug|x64
		{44B190E6-0A47-48D6-9545-157F035F087A}.Debug|x64.Deploy.0 = Debug|x64
		{44B190E6-0A47-48D6-9545-157F035F087A}.Debug|x86.ActiveCfg = Debug|x86
		{44B190E6-0A47-48D6-9545-157F035F087A}.Debug|x86.Build.0 = Debug|x86
		{44B190E6-0A47-48D6-9545-157F035F087A}.Debug|x86.Deploy.0 = Debug|x86
		{44B190E6-0A47-48D6-9545-157F035F087A}.Release|Any CPU.ActiveCfg = Release|x86
		{44B190E6-0A47-48D6-9545-157F035F087A}.Release|ARM.ActiveCfg = Release|ARM
		{44B190E6-0A47-48D6-9545-157F035F087A}.Release|ARM.Build.0 = Release|ARM
		{44B190E6-0A47-48D6-9545-157F035F087A}.Release|ARM.Deploy.0 = Release|ARM
		{44B190E6-0A47-48D6-9545-157F035F087A}.Release|x64.ActiveCfg = Release|x64
		{44B190E6-0A47-48D6-9545-157F035F087A}.Release|x64.Build.0 = Release|x64
		{44B190E6-0A47-48D6-9545-157F035F087A}.Release|x64.Deploy.0 = Release|x64
		{44B190E6-0A47-48D6-9545-157F035F087A}.Release|x86.ActiveCfg = Release|x86
		{44B190E6-0A47-48D6-9545-157F035F087A}.Release|x86.Build.0 = Release|x86
		{44B190E6-0A47-48D6-9545-157F035F087A}.Release|x86.Deploy.0 = Release|x86
		{0542813C-7795-4E26-8C8F-DAAE0078197D}.Debug|Any CPU.ActiveCfg = Debug|Any CPU
		{0542813C-7795-4E26-8C8F-DAAE0078197D}.Debug|Any CPU.Build.0 = Debug|Any CPU
		{0542813C-7795-4E26-8C8F-DAAE0078197D}.Debug|ARM.ActiveCfg = Debug|Any CPU
		{0542813C-7795-4E26-8C8F-DAAE0078197D}.Debug|ARM.Build.0 = Debug|Any CPU
		{0542813C-7795-4E26-8C8F-DAAE0078197D}.Debug|x64.ActiveCfg = Debug|Any CPU
		{0542813C-7795-4E26-8C8F-DAAE0078197D}.Debug|x64.Build.0 = Debug|Any CPU
		{0542813C-7795-4E26-8C8F-DAAE0078197D}.Debug|x86.ActiveCfg = Debug|Any CPU
		{0542813C-7795-4E26-8C8F-DAAE0078197D}.Debug|x86.Build.0 = Debug|Any CPU
		{0542813C-7795-4E26-8C8F-DAAE0078197D}.Release|Any CPU.ActiveCfg = Release|Any CPU
		{0542813C-7795-4E26-8C8F-DAAE0078197D}.Release|Any CPU.Build.0 = Release|Any CPU
		{0542813C-7795-4E26-8C8F-DAAE0078197D}.Release|ARM.ActiveCfg = Release|Any CPU
		{0542813C-7795-4E26-8C8F-DAAE0078197D}.Release|ARM.Build.0 = Release|Any CPU
		{0542813C-7795-4E26-8C8F-DAAE0078197D}.Release|x64.ActiveCfg = Release|Any CPU
		{0542813C-7795-4E26-8C8F-DAAE0078197D}.Release|x64.Build.0 = Release|Any CPU
		{0542813C-7795-4E26-8C8F-DAAE0078197D}.Release|x86.ActiveCfg = Release|Any CPU
		{0542813C-7795-4E26-8C8F-DAAE0078197D}.Release|x86.Build.0 = Release|Any CPU
		{06CBED4A-C02F-4CB0-9335-75AA6327B424}.Debug|Any CPU.ActiveCfg = Debug|Any CPU
		{06CBED4A-C02F-4CB0-9335-75AA6327B424}.Debug|Any CPU.Build.0 = Debug|Any CPU
		{06CBED4A-C02F-4CB0-9335-75AA6327B424}.Debug|ARM.ActiveCfg = Debug|Any CPU
		{06CBED4A-C02F-4CB0-9335-75AA6327B424}.Debug|ARM.Build.0 = Debug|Any CPU
		{06CBED4A-C02F-4CB0-9335-75AA6327B424}.Debug|x64.ActiveCfg = Debug|Any CPU
		{06CBED4A-C02F-4CB0-9335-75AA6327B424}.Debug|x64.Build.0 = Debug|Any CPU
		{06CBED4A-C02F-4CB0-9335-75AA6327B424}.Debug|x86.ActiveCfg = Debug|Any CPU
		{06CBED4A-C02F-4CB0-9335-75AA6327B424}.Debug|x86.Build.0 = Debug|Any CPU
		{06CBED4A-C02F-4CB0-9335-75AA6327B424}.Release|Any CPU.ActiveCfg = Release|Any CPU
		{06CBED4A-C02F-4CB0-9335-75AA6327B424}.Release|Any CPU.Build.0 = Release|Any CPU
		{06CBED4A-C02F-4CB0-9335-75AA6327B424}.Release|ARM.ActiveCfg = Release|Any CPU
		{06CBED4A-C02F-4CB0-9335-75AA6327B424}.Release|ARM.Build.0 = Release|Any CPU
		{06CBED4A-C02F-4CB0-9335-75AA6327B424}.Release|x64.ActiveCfg = Release|Any CPU
		{06CBED4A-C02F-4CB0-9335-75AA6327B424}.Release|x64.Build.0 = Release|Any CPU
		{06CBED4A-C02F-4CB0-9335-75AA6327B424}.Release|x86.ActiveCfg = Release|Any CPU
		{06CBED4A-C02F-4CB0-9335-75AA6327B424}.Release|x86.Build.0 = Release|Any CPU
	EndGlobalSection
	GlobalSection(SolutionProperties) = preSolution
		HideSolutionNode = FALSE
	EndGlobalSection
EndGlobal
